
Microsoft Visual Studio Solution File, Format Version 12.00
# Visual Studio Version 16
VisualStudioVersion = 16.0.29613.14
MinimumVisualStudioVersion = 10.0.40219.1
Project("{9A19103F-16F7-4668-BE54-9A1E7A4F7556}") = "ApiProxy", "ApiProxy\ApiProxy.csproj", "{78AE0FDB-9727-4922-B48A-0B615FB960CA}"
EndProject
Project("{9A19103F-16F7-4668-BE54-9A1E7A4F7556}") = "WebApi", "WebApi\WebApi.csproj", "{2B5A9E09-8A4E-493C-A921-5AABE712C081}"
EndProject
Project("{9A19103F-16F7-4668-BE54-9A1E7A4F7556}") = "WebApiTest", "VideoRegTest\WebApiTest.csproj", "{8D5F5D34-C217-4548-ACF6-CCBB9A817CB6}"
EndProject
Global
	GlobalSection(SolutionConfigurationPlatforms) = preSolution
		Debug|Any CPU = Debug|Any CPU
		Release|Any CPU = Release|Any CPU
	EndGlobalSection
	GlobalSection(ProjectConfigurationPlatforms) = postSolution
		{78AE0FDB-9727-4922-B48A-0B615FB960CA}.Debug|Any CPU.ActiveCfg = Debug|Any CPU
		{78AE0FDB-9727-4922-B48A-0B615FB960CA}.Debug|Any CPU.Build.0 = Debug|Any CPU
		{78AE0FDB-9727-4922-B48A-0B615FB960CA}.Release|Any CPU.ActiveCfg = Release|Any CPU
		{78AE0FDB-9727-4922-B48A-0B615FB960CA}.Release|Any CPU.Build.0 = Release|Any CPU
		{2B5A9E09-8A4E-493C-A921-5AABE712C081}.Debug|Any CPU.ActiveCfg = Debug|Any CPU
		{2B5A9E09-8A4E-493C-A921-5AABE712C081}.Debug|Any CPU.Build.0 = Debug|Any CPU
		{2B5A9E09-8A4E-493C-A921-5AABE712C081}.Release|Any CPU.ActiveCfg = Release|Any CPU
		{2B5A9E09-8A4E-493C-A921-5AABE712C081}.Release|Any CPU.Build.0 = Release|Any CPU
		{8D5F5D34-C217-4548-ACF6-CCBB9A817CB6}.Debug|Any CPU.ActiveCfg = Debug|Any CPU
		{8D5F5D34-C217-4548-ACF6-CCBB9A817CB6}.Debug|Any CPU.Build.0 = Debug|Any CPU
		{8D5F5D34-C217-4548-ACF6-CCBB9A817CB6}.Release|Any CPU.ActiveCfg = Release|Any CPU
		{8D5F5D34-C217-4548-ACF6-CCBB9A817CB6}.Release|Any CPU.Build.0 = Release|Any CPU
	EndGlobalSection
	GlobalSection(SolutionProperties) = preSolution
		HideSolutionNode = FALSE
	EndGlobalSection
	GlobalSection(ExtensibilityGlobals) = postSolution
		SolutionGuid = {C913222F-58D3-4960-B074-2E517A33EC69}
	EndGlobalSection
EndGlobal
